
Microsoft Visual Studio Solution File, Format Version 12.00
# Visual Studio Version 16
VisualStudioVersion = 16.0.29326.143
MinimumVisualStudioVersion = 10.0.40219.1
Project("{FAE04EC0-301F-11D3-BF4B-00C04F79EFBC}") = "FilmRating", "FilmRating\FilmRating.csproj", "{6DF3193D-BB54-4B63-9774-49A800FAF7A8}"
EndProject
Global
	GlobalSection(SolutionConfigurationPlatforms) = preSolution
		Debug|Any CPU = Debug|Any CPU
		Release|Any CPU = Release|Any CPU
	EndGlobalSection
	GlobalSection(ProjectConfigurationPlatforms) = postSolution
		{6DF3193D-BB54-4B63-9774-49A800FAF7A8}.Debug|Any CPU.ActiveCfg = Debug|Any CPU
		{6DF3193D-BB54-4B63-9774-49A800FAF7A8}.Debug|Any CPU.Build.0 = Debug|Any CPU
		{6DF3193D-BB54-4B63-9774-49A800FAF7A8}.Release|Any CPU.ActiveCfg = Release|Any CPU
		{6DF3193D-BB54-4B63-9774-49A800FAF7A8}.Release|Any CPU.Build.0 = Release|Any CPU
	EndGlobalSection
	GlobalSection(SolutionProperties) = preSolution
		HideSolutionNode = FALSE
	EndGlobalSection
	GlobalSection(ExtensibilityGlobals) = postSolution
		SolutionGuid = {645D86A3-2900-4B33-A4B1-BCE2E8ED78A8}
	EndGlobalSection
EndGlobal
